
Microsoft Visual Studio Solution File, Format Version 12.00
# Visual Studio Version 17
VisualStudioVersion = 17.9.34616.47
MinimumVisualStudioVersion = 10.0.40219.1
Project("{8BC9CEB8-8B4A-11D0-8D11-00A0C91BC942}") = "Simple_Server", "Simple_Server\Simple_Server.vcxproj", "{82D1326E-6880-4882-A049-1F9E6947F5FA}"
EndProject
Global
	GlobalSection(SolutionConfigurationPlatforms) = preSolution
		Debug|x64 = Debug|x64
		Debug|x86 = Debug|x86
		Release|x64 = Release|x64
		Release|x86 = Release|x86
	EndGlobalSection
	GlobalSection(ProjectConfigurationPlatforms) = postSolution
		{82D1326E-6880-4882-A049-1F9E6947F5FA}.Debug|x64.ActiveCfg = Debug|x64
		{82D1326E-6880-4882-A049-1F9E6947F5FA}.Debug|x64.Build.0 = Debug|x64
		{82D1326E-6880-4882-A049-1F9E6947F5FA}.Debug|x86.ActiveCfg = Debug|Win32
		{82D1326E-6880-4882-A049-1F9E6947F5FA}.Debug|x86.Build.0 = Debug|Win32
		{82D1326E-6880-4882-A049-1F9E6947F5FA}.Release|x64.ActiveCfg = Release|x64
		{82D1326E-6880-4882-A049-1F9E6947F5FA}.Release|x64.Build.0 = Release|x64
		{82D1326E-6880-4882-A049-1F9E6947F5FA}.Release|x86.ActiveCfg = Release|Win32
		{82D1326E-6880-4882-A049-1F9E6947F5FA}.Release|x86.Build.0 = Release|Win32
	EndGlobalSection
	GlobalSection(SolutionProperties) = preSolution
		HideSolutionNode = FALSE
	EndGlobalSection
	GlobalSection(ExtensibilityGlobals) = postSolution
		SolutionGuid = {E59A7DE1-8C57-40CF-B48C-9BA441452DC3}
	EndGlobalSection
EndGlobal
